// !$*UTF8*$!
{
	archiveVersion = 1;
	classes = {
	};
	objectVersion = 50;
	objects = {

/* Begin PBXBuildFile section */
		7D50C9B2248BB217000B5C4F /* AppDelegate.swift in Sources */ = {isa = PBXBuildFile; fileRef = 7D50C9B1248BB217000B5C4F /* AppDelegate.swift */; };
		7D50C9B4248BB217000B5C4F /* ViewController.swift in Sources */ = {isa = PBXBuildFile; fileRef = 7D50C9B3248BB217000B5C4F /* ViewController.swift */; };
		7D50C9B7248BB217000B5C4F /* Main.storyboard in Resources */ = {isa = PBXBuildFile; fileRef = 7D50C9B5248BB217000B5C4F /* Main.storyboard */; };
		7D50C9BA248BB217000B5C4F /* Tarea2.xcdatamodeld in Sources */ = {isa = PBXBuildFile; fileRef = 7D50C9B8248BB217000B5C4F /* Tarea2.xcdatamodeld */; };
		7D50C9BC248BB217000B5C4F /* Assets.xcassets in Resources */ = {isa = PBXBuildFile; fileRef = 7D50C9BB248BB217000B5C4F /* Assets.xcassets */; };
		7D50C9BF248BB217000B5C4F /* LaunchScreen.storyboard in Resources */ = {isa = PBXBuildFile; fileRef = 7D50C9BD248BB217000B5C4F /* LaunchScreen.storyboard */; };
		7D50C9C9248BC690000B5C4F /* CrearTareaViewController.swift in Sources */ = {isa = PBXBuildFile; fileRef = 7D50C9C8248BC690000B5C4F /* CrearTareaViewController.swift */; };
		7D50C9CB248BCC30000B5C4F /* TareaCompletadaViewController.swift in Sources */ = {isa = PBXBuildFile; fileRef = 7D50C9CA248BCC30000B5C4F /* TareaCompletadaViewController.swift */; };
/* End PBXBuildFile section */

/* Begin PBXFileReference section */
		7D50C9AE248BB217000B5C4F /* Tarea2.app */ = {isa = PBXFileReference; explicitFileType = wrapper.application; includeInIndex = 0; path = Tarea2.app; sourceTree = BUILT_PRODUCTS_DIR; };
		7D50C9B1248BB217000B5C4F /* AppDelegate.swift */ = {isa = PBXFileReference; lastKnownFileType = sourcecode.swift; path = AppDelegate.swift; sourceTree = "<group>"; };
		7D50C9B3248BB217000B5C4F /* ViewController.swift */ = {isa = PBXFileReference; lastKnownFileType = sourcecode.swift; path = ViewController.swift; sourceTree = "<group>"; };
		7D50C9B6248BB217000B5C4F /* Base */ = {isa = PBXFileReference; lastKnownFileType = file.storyboard; name = Base; path = Base.lproj/Main.storyboard; sourceTree = "<group>"; };
		7D50C9B9248BB217000B5C4F /* Tarea2.xcdatamodel */ = {isa = PBXFileReference; lastKnownFileType = wrapper.xcdatamodel; path = Tarea2.xcdatamodel; sourceTree = "<group>"; };
		7D50C9BB248BB217000B5C4F /* Assets.xcassets */ = {isa = PBXFileReference; lastKnownFileType = folder.assetcatalog; path = Assets.xcassets; sourceTree = "<group>"; };
		7D50C9BE248BB217000B5C4F /* Base */ = {isa = PBXFileReference; lastKnownFileType = file.storyboard; name = Base; path = Base.lproj/LaunchScreen.storyboard; sourceTree = "<group>"; };
		7D50C9C0248BB217000B5C4F /* Info.plist */ = {isa = PBXFileReference; lastKnownFileType = text.plist.xml; path = Info.plist; sourceTree = "<group>"; };
		7D50C9C8248BC690000B5C4F /* CrearTareaViewController.swift */ = {isa = PBXFileReference; lastKnownFileType = sourcecode.swift; path = CrearTareaViewController.swift; sourceTree = "<group>"; };
		7D50C9CA248BCC30000B5C4F /* TareaCompletadaViewController.swift */ = {isa = PBXFileReference; lastKnownFileType = sourcecode.swift; path = TareaCompletadaViewController.swift; sourceTree = "<group>"; };
/* End PBXFileReference section */

/* Begin PBXFrameworksBuildPhase section */
		7D50C9AB248BB217000B5C4F /* Frameworks */ = {
			isa = PBXFrameworksBuildPhase;
			buildActionMask = 2147483647;
			files = (
			);
			runOnlyForDeploymentPostprocessing = 0;
		};
/* End PBXFrameworksBuildPhase section */

/* Begin PBXGroup section */
		7D50C9A5248BB217000B5C4F = {
			isa = PBXGroup;
			children = (
				7D50C9B0248BB217000B5C4F /* Tarea2 */,
				7D50C9AF248BB217000B5C4F /* Products */,
			);
			sourceTree = "<group>";
		};
		7D50C9AF248BB217000B5C4F /* Products */ = {
			isa = PBXGroup;
			children = (
				7D50C9AE248BB217000B5C4F /* Tarea2.app */,
			);
			name = Products;
			sourceTree = "<group>";
		};
		7D50C9B0248BB217000B5C4F /* Tarea2 */ = {
			isa = PBXGroup;
			children = (
				7D50C9B1248BB217000B5C4F /* AppDelegate.swift */,
				7D50C9B3248BB217000B5C4F /* ViewController.swift */,
				7D50C9B5248BB217000B5C4F /* Main.storyboard */,
				7D50C9CA248BCC30000B5C4F /* TareaCompletadaViewController.swift */,
				7D50C9C8248BC690000B5C4F /* CrearTareaViewController.swift */,
				7D50C9BB248BB217000B5C4F /* Assets.xcassets */,
				7D50C9BD248BB217000B5C4F /* LaunchScreen.storyboard */,
				7D50C9C0248BB217000B5C4F /* Info.plist */,
				7D50C9B8248BB217000B5C4F /* Tarea2.xcdatamodeld */,
			);
			path = Tarea2;
			sourceTree = "<group>";
		};
/* End PBXGroup section */

/* Begin PBXNativeTarget section */
		7D50C9AD248BB217000B5C4F /* Tarea2 */ = {
			isa = PBXNativeTarget;
			buildConfigurationList = 7D50C9C3248BB217000B5C4F /* Build configuration list for PBXNativeTarget "Tarea2" */;
			buildPhases = (
				7D50C9AA248BB217000B5C4F /* Sources */,
				7D50C9AB248BB217000B5C4F /* Frameworks */,
				7D50C9AC248BB217000B5C4F /* Resources */,
			);
			buildRules = (
			);
			dependencies = (
			);
			name = Tarea2;
			productName = Tarea2;
			productReference = 7D50C9AE248BB217000B5C4F /* Tarea2.app */;
			productType = "com.apple.product-type.application";
		};
/* End PBXNativeTarget section */

/* Begin PBXProject section */
		7D50C9A6248BB217000B5C4F /* Project object */ = {
			isa = PBXProject;
			attributes = {
				LastSwiftUpdateCheck = 1010;
				LastUpgradeCheck = 1010;
				ORGANIZATIONNAME = dquispeo;
				TargetAttributes = {
					7D50C9AD248BB217000B5C4F = {
						CreatedOnToolsVersion = 10.1;
					};
				};
			};
			buildConfigurationList = 7D50C9A9248BB217000B5C4F /* Build configuration list for PBXProject "Tarea2" */;
			compatibilityVersion = "Xcode 9.3";
			developmentRegion = en;
			hasScannedForEncodings = 0;
			knownRegions = (
				en,
				Base,
			);
			mainGroup = 7D50C9A5248BB217000B5C4F;
			productRefGroup = 7D50C9AF248BB217000B5C4F /* Products */;
			projectDirPath = "";
			projectRoot = "";
			targets = (
				7D50C9AD248BB217000B5C4F /* Tarea2 */,
			);
		};
/* End PBXProject section */

/* Begin PBXResourcesBuildPhase section */
		7D50C9AC248BB217000B5C4F /* Resources */ = {
			isa = PBXResourcesBuildPhase;
			buildActionMask = 2147483647;
			files = (
				7D50C9BF248BB217000B5C4F /* LaunchScreen.storyboard in Resources */,
				7D50C9BC248BB217000B5C4F /* Assets.xcassets in Resources */,
				7D50C9B7248BB217000B5C4F /* Main.storyboard in Resources */,
			);
			runOnlyForDeploymentPostprocessing = 0;
		};
/* End PBXResourcesBuildPhase section */

/* Begin PBXSourcesBuildPhase section */
		7D50C9AA248BB217000B5C4F /* Sources */ = {
			isa = PBXSourcesBuildPhase;
			buildActionMask = 2147483647;
			files = (
				7D50C9C9248BC690000B5C4F /* CrearTareaViewController.swift in Sources */,
				7D50C9BA248BB217000B5C4F /* Tarea2.xcdatamodeld in Sources */,
				7D50C9B4248BB217000B5C4F /* ViewController.swift in Sources */,
				7D50C9B2248BB217000B5C4F /* AppDelegate.swift in Sources */,
				7D50C9CB248BCC30000B5C4F /* TareaCompletadaViewController.swift in Sources */,
			);
			runOnlyForDeploymentPostprocessing = 0;
		};
/* End PBXSourcesBuildPhase section */

/* Begin PBXVariantGroup section */
		7D50C9B5248BB217000B5C4F /* Main.storyboard */ = {
			isa = PBXVariantGroup;
			children = (
				7D50C9B6248BB217000B5C4F /* Base */,
			);
			name = Main.storyboard;
			sourceTree = "<group>";
		};
		7D50C9BD248BB217000B5C4F /* LaunchScreen.storyboard */ = {
			isa = PBXVariantGroup;
			children = (
				7D50C9BE248BB217000B5C4F /* Base */,
			);
			name = LaunchScreen.storyboard;
			sourceTree = "<group>";
		};
/* End PBXVariantGroup section */

/* Begin XCBuildConfiguration section */
		7D50C9C1248BB217000B5C4F /* Debug */ = {
			isa = XCBuildConfiguration;
			buildSettings = {
				ALWAYS_SEARCH_USER_PATHS = NO;
				CLANG_ANALYZER_NONNULL = YES;
				CLANG_ANALYZER_NUMBER_OBJECT_CONVERSION = YES_AGGRESSIVE;
				CLANG_CXX_LANGUAGE_STANDARD = "gnu++14";
				CLANG_CXX_LIBRARY = "libc++";
				CLANG_ENABLE_MODULES = YES;
				CLANG_ENABLE_OBJC_ARC = YES;
				CLANG_ENABLE_OBJC_WEAK = YES;
				CLANG_WARN_BLOCK_CAPTURE_AUTORELEASING = YES;
				CLANG_WARN_BOOL_CONVERSION = YES;
				CLANG_WARN_COMMA = YES;
				CLANG_WARN_CONSTANT_CONVERSION = YES;
				CLANG_WARN_DEPRECATED_OBJC_IMPLEMENTATIONS = YES;
				CLANG_WARN_DIRECT_OBJC_ISA_USAGE = YES_ERROR;
				CLANG_WARN_DOCUMENTATION_COMMENTS = YES;
				CLANG_WARN_EMPTY_BODY = YES;
				CLANG_WARN_ENUM_CONVERSION = YES;
				CLANG_WARN_INFINITE_RECURSION = YES;
				CLANG_WARN_INT_CONVERSION = YES;
				CLANG_WARN_NON_LITERAL_NULL_CONVERSION = YES;
				CLANG_WARN_OBJC_IMPLICIT_RETAIN_SELF = YES;
				CLANG_WARN_OBJC_LITERAL_CONVERSION = YES;
				CLANG_WARN_OBJC_ROOT_CLASS = YES_ERROR;
				CLANG_WARN_RANGE_LOOP_ANALYSIS = YES;
				CLANG_WARN_STRICT_PROTOTYPES = YES;
				CLANG_WARN_SUSPICIOUS_MOVE = YES;
				CLANG_WARN_UNGUARDED_AVAILABILITY = YES_AGGRESSIVE;
				CLANG_WARN_UNREACHABLE_CODE = YES;
				CLANG_WARN__DUPLICATE_METHOD_MATCH = YES;
				CODE_SIGN_IDENTITY = "iPhone Developer";
				COPY_PHASE_STRIP = NO;
				DEBUG_INFORMATION_FORMAT = dwarf;
				ENABLE_STRICT_OBJC_MSGSEND = YES;
				ENABLE_TESTABILITY = YES;
				GCC_C_LANGUAGE_STANDARD = gnu11;
				GCC_DYNAMIC_NO_PIC = NO;
				GCC_NO_COMMON_BLOCKS = YES;
				GCC_OPTIMIZATION_LEVEL = 0;
				GCC_PREPROCESSOR_DEFINITIONS = (
					"DEBUG=1",
					"$(inherited)",
				);
				GCC_WARN_64_TO_32_BIT_CONVERSION = YES;
				GCC_WARN_ABOUT_RETURN_TYPE = YES_ERROR;
				GCC_WARN_UNDECLARED_SELECTOR = YES;
				GCC_WARN_UNINITIALIZED_AUTOS = YES_AGGRESSIVE;
				GCC_WARN_UNUSED_FUNCTION = YES;
				GCC_WARN_UNUSED_VARIABLE = YES;
				IPHONEOS_DEPLOYMENT_TARGET = 12.1;
				MTL_ENABLE_DEBUG_INFO = INCLUDE_SOURCE;
				MTL_FAST_MATH = YES;
				ONLY_ACTIVE_ARCH = YES;
				SDKROOT = iphoneos;
				SWIFT_ACTIVE_COMPILATION_CONDITIONS = DEBUG;
				SWIFT_OPTIMIZATION_LEVEL = "-Onone";
			};
			name = Debug;
		};
		7D50C9C2248BB217000B5C4F /* Release */ = {
			isa = XCBuildConfiguration;
			buildSettings = {
				ALWAYS_SEARCH_USER_PATHS = NO;
				CLANG_ANALYZER_NONNULL = YES;
				CLANG_ANALYZER_NUMBER_OBJECT_CONVERSION = YES_AGGRESSIVE;
				CLANG_CXX_LANGUAGE_STANDARD = "gnu++14";
				CLANG_CXX_LIBRARY = "libc++";
				CLANG_ENABLE_MODULES = YES;
				CLANG_ENABLE_OBJC_ARC = YES;
				CLANG_ENABLE_OBJC_WEAK = YES;
				CLANG_WARN_BLOCK_CAPTURE_AUTORELEASING = YES;
				CLANG_WARN_BOOL_CONVERSION = YES;
				CLANG_WARN_COMMA = YES;
				CLANG_WARN_CONSTANT_CONVERSION = YES;
				CLANG_WARN_DEPRECATED_OBJC_IMPLEMENTATIONS = YES;
				CLANG_WARN_DIRECT_OBJC_ISA_USAGE = YES_ERROR;
				CLANG_WARN_DOCUMENTATION_COMMENTS = YES;
				CLANG_WARN_EMPTY_BODY = YES;
				CLANG_WARN_ENUM_CONVERSION = YES;
				CLANG_WARN_INFINITE_RECURSION = YES;
				CLANG_WARN_INT_CONVERSION = YES;
				CLANG_WARN_NON_LITERAL_NULL_CONVERSION = YES;
				CLANG_WARN_OBJC_IMPLICIT_RETAIN_SELF = YES;
				CLANG_WARN_OBJC_LITERAL_CONVERSION = YES;
				CLANG_WARN_OBJC_ROOT_CLASS = YES_ERROR;
				CLANG_WARN_RANGE_LOOP_ANALYSIS = YES;
				CLANG_WARN_STRICT_PROTOTYPES = YES;
				CLANG_WARN_SUSPICIOUS_MOVE = YES;
				CLANG_WARN_UNGUARDED_AVAILABILITY = YES_AGGRESSIVE;
				CLANG_WARN_UNREACHABLE_CODE = YES;
				CLANG_WARN__DUPLICATE_METHOD_MATCH = YES;
				CODE_SIGN_IDENTITY = "iPhone Developer";
				COPY_PHASE_STRIP = NO;
				DEBUG_INFORMATION_FORMAT = "dwarf-with-dsym";
				ENABLE_NS_ASSERTIONS = NO;
				ENABLE_STRICT_OBJC_MSGSEND = YES;
				GCC_C_LANGUAGE_STANDARD = gnu11;
				GCC_NO_COMMON_BLOCKS = YES;
				GCC_WARN_64_TO_32_BIT_CONVERSION = YES;
				GCC_WARN_ABOUT_RETURN_TYPE = YES_ERROR;
				GCC_WARN_UNDECLARED_SELECTOR = YES;
				GCC_WARN_UNINITIALIZED_AUTOS = YES_AGGRESSIVE;
				GCC_WARN_UNUSED_FUNCTION = YES;
				GCC_WARN_UNUSED_VARIABLE = YES;
				IPHONEOS_DEPLOYMENT_TARGET = 12.1;
				MTL_ENABLE_DEBUG_INFO = NO;
				MTL_FAST_MATH = YES;
				SDKROOT = iphoneos;
				SWIFT_COMPILATION_MODE = wholemodule;
				SWIFT_OPTIMIZATION_LEVEL = "-O";
				VALIDATE_PRODUCT = YES;
			};
			name = Release;
		};
		7D50C9C4248BB217000B5C4F /* Debug */ = {
			isa = XCBuildConfiguration;
			buildSettings = {
				ASSETCATALOG_COMPILER_APPICON_NAME = AppIcon;
				CODE_SIGN_STYLE = Automatic;
				INFOPLIST_FILE = Tarea2/Info.plist;
				LD_RUNPATH_SEARCH_PATHS = (
					"$(inherited)",
					"@executable_path/Frameworks",
				);
				PRODUCT_BUNDLE_IDENTIFIER = pe.dquispeo.ios.Tarea2;
				PRODUCT_NAME = "$(TARGET_NAME)";
				SWIFT_VERSION = 4.2;
				TARGETED_DEVICE_FAMILY = "1,2";
			};
			name = Debug;
		};
		7D50C9C5248BB217000B5C4F /* Release */ = {
			isa = XCBuildConfiguration;
			buildSettings = {
				ASSETCATALOG_COMPILER_APPICON_NAME = AppIcon;
				CODE_SIGN_STYLE = Automatic;
				INFOPLIST_FILE = Tarea2/Info.plist;
				LD_RUNPATH_SEARCH_PATHS = (
					"$(inherited)",
					"@executable_path/Frameworks",
				);
				PRODUCT_BUNDLE_IDENTIFIER = pe.dquispeo.ios.Tarea2;
				PRODUCT_NAME = "$(TARGET_NAME)";
				SWIFT_VERSION = 4.2;
				TARGETED_DEVICE_FAMILY = "1,2";
			};
			name = Release;
		};
/* End XCBuildConfiguration section */

/* Begin XCConfigurationList section */
		7D50C9A9248BB217000B5C4F /* Build configuration list for PBXProject "Tarea2" */ = {
			isa = XCConfigurationList;
			buildConfigurations = (
				7D50C9C1248BB217000B5C4F /* Debug */,
				7D50C9C2248BB217000B5C4F /* Release */,
			);
			defaultConfigurationIsVisible = 0;
			defaultConfigurationName = Release;
		};
		7D50C9C3248BB217000B5C4F /* Build configuration list for PBXNativeTarget "Tarea2" */ = {
			isa = XCConfigurationList;
			buildConfigurations = (
				7D50C9C4248BB217000B5C4F /* Debug */,
				7D50C9C5248BB217000B5C4F /* Release */,
			);
			defaultConfigurationIsVisible = 0;
			defaultConfigurationName = Release;
		};
/* End XCConfigurationList section */

/* Begin XCVersionGroup section */
		7D50C9B8248BB217000B5C4F /* Tarea2.xcdatamodeld */ = {
			isa = XCVersionGroup;
			children = (
				7D50C9B9248BB217000B5C4F /* Tarea2.xcdatamodel */,
			);
			currentVersion = 7D50C9B9248BB217000B5C4F /* Tarea2.xcdatamodel */;
			path = Tarea2.xcdatamodeld;
			sourceTree = "<group>";
			versionGroupType = wrapper.xcdatamodel;
		};
/* End XCVersionGroup section */
	};
	rootObject = 7D50C9A6248BB217000B5C4F /* Project object */;
}
